
Microsoft Visual Studio Solution File, Format Version 12.00
# Visual Studio 2013
VisualStudioVersion = 12.0.31101.0
MinimumVisualStudioVersion = 10.0.40219.1
Project("{FAE04EC0-301F-11D3-BF4B-00C04F79EFBC}") = "Module1", "Module1\Module1.csproj", "{5C74A32D-024A-4AEF-8805-89FBFC223441}"
EndProject
Project("{FAE04EC0-301F-11D3-BF4B-00C04F79EFBC}") = "Module2", "Module2\Module2.csproj", "{55FE523B-8845-4FC2-8737-1983EFC2E9E8}"
EndProject
Project("{FAE04EC0-301F-11D3-BF4B-00C04F79EFBC}") = "Module3", "Module3\Module3.csproj", "{C490A6E2-9DE8-447E-8D13-6D33D05B4128}"
EndProject
Project("{FAE04EC0-301F-11D3-BF4B-00C04F79EFBC}") = "Module4", "Module4\Module4.csproj", "{C5643F33-F85B-4EC6-A963-88001FD20D32}"
EndProject
Project("{FAE04EC0-301F-11D3-BF4B-00C04F79EFBC}") = "Module5", "Module5\Module5.csproj", "{A98BA536-2A14-4C4E-B387-781788C1B12B}"
EndProject
Project("{FAE04EC0-301F-11D3-BF4B-00C04F79EFBC}") = "Module6", "Module6\Module6.csproj", "{7CEBDA9A-5416-4179-9BB3-F5557722D004}"
EndProject
Project("{FAE04EC0-301F-11D3-BF4B-00C04F79EFBC}") = "Module7", "Module7\Module7.csproj", "{C7F837A1-FFA9-4EEB-A0F0-4A5B716BC659}"
EndProject
Project("{FAE04EC0-301F-11D3-BF4B-00C04F79EFBC}") = "Module8", "Module8\Module8.csproj", "{E1D7E76B-9338-4ADB-9CB5-3E38B0E6C2E8}"
EndProject
Project("{FAE04EC0-301F-11D3-BF4B-00C04F79EFBC}") = "Module9", "Module9\Module9.csproj", "{CFAE5099-D179-4DB4-95A9-75663F3A21DD}"
EndProject
Project("{FAE04EC0-301F-11D3-BF4B-00C04F79EFBC}") = "ModuleA", "ModuleA\ModuleA.csproj", "{8BA05EE8-0455-44AE-8BC4-A36629E7A4CA}"
EndProject
Global
	GlobalSection(SolutionConfigurationPlatforms) = preSolution
		Debug|Any CPU = Debug|Any CPU
		Release|Any CPU = Release|Any CPU
	EndGlobalSection
	GlobalSection(ProjectConfigurationPlatforms) = postSolution
		{5C74A32D-024A-4AEF-8805-89FBFC223441}.Debug|Any CPU.ActiveCfg = Debug|Any CPU
		{5C74A32D-024A-4AEF-8805-89FBFC223441}.Debug|Any CPU.Build.0 = Debug|Any CPU
		{5C74A32D-024A-4AEF-8805-89FBFC223441}.Release|Any CPU.ActiveCfg = Release|Any CPU
		{5C74A32D-024A-4AEF-8805-89FBFC223441}.Release|Any CPU.Build.0 = Release|Any CPU
		{55FE523B-8845-4FC2-8737-1983EFC2E9E8}.Debug|Any CPU.ActiveCfg = Debug|Any CPU
		{55FE523B-8845-4FC2-8737-1983EFC2E9E8}.Debug|Any CPU.Build.0 = Debug|Any CPU
		{55FE523B-8845-4FC2-8737-1983EFC2E9E8}.Release|Any CPU.ActiveCfg = Release|Any CPU
		{55FE523B-8845-4FC2-8737-1983EFC2E9E8}.Release|Any CPU.Build.0 = Release|Any CPU
		{C490A6E2-9DE8-447E-8D13-6D33D05B4128}.Debug|Any CPU.ActiveCfg = Debug|Any CPU
		{C490A6E2-9DE8-447E-8D13-6D33D05B4128}.Debug|Any CPU.Build.0 = Debug|Any CPU
		{C490A6E2-9DE8-447E-8D13-6D33D05B4128}.Release|Any CPU.ActiveCfg = Release|Any CPU
		{C490A6E2-9DE8-447E-8D13-6D33D05B4128}.Release|Any CPU.Build.0 = Release|Any CPU
		{C5643F33-F85B-4EC6-A963-88001FD20D32}.Debug|Any CPU.ActiveCfg = Debug|Any CPU
		{C5643F33-F85B-4EC6-A963-88001FD20D32}.Debug|Any CPU.Build.0 = Debug|Any CPU
		{C5643F33-F85B-4EC6-A963-88001FD20D32}.Release|Any CPU.ActiveCfg = Release|Any CPU
		{C5643F33-F85B-4EC6-A963-88001FD20D32}.Release|Any CPU.Build.0 = Release|Any CPU
		{A98BA536-2A14-4C4E-B387-781788C1B12B}.Debug|Any CPU.ActiveCfg = Debug|Any CPU
		{A98BA536-2A14-4C4E-B387-781788C1B12B}.Debug|Any CPU.Build.0 = Debug|Any CPU
		{A98BA536-2A14-4C4E-B387-781788C1B12B}.Release|Any CPU.ActiveCfg = Release|Any CPU
		{A98BA536-2A14-4C4E-B387-781788C1B12B}.Release|Any CPU.Build.0 = Release|Any CPU
		{7CEBDA9A-5416-4179-9BB3-F5557722D004}.Debug|Any CPU.ActiveCfg = Debug|Any CPU
		{7CEBDA9A-5416-4179-9BB3-F5557722D004}.Debug|Any CPU.Build.0 = Debug|Any CPU
		{7CEBDA9A-5416-4179-9BB3-F5557722D004}.Release|Any CPU.ActiveCfg = Release|Any CPU
		{7CEBDA9A-5416-4179-9BB3-F5557722D004}.Release|Any CPU.Build.0 = Release|Any CPU
		{C7F837A1-FFA9-4EEB-A0F0-4A5B716BC659}.Debug|Any CPU.ActiveCfg = Debug|Any CPU
		{C7F837A1-FFA9-4EEB-A0F0-4A5B716BC659}.Debug|Any CPU.Build.0 = Debug|Any CPU
		{C7F837A1-FFA9-4EEB-A0F0-4A5B716BC659}.Release|Any CPU.ActiveCfg = Release|Any CPU
		{C7F837A1-FFA9-4EEB-A0F0-4A5B716BC659}.Release|Any CPU.Build.0 = Release|Any CPU
		{E1D7E76B-9338-4ADB-9CB5-3E38B0E6C2E8}.Debug|Any CPU.ActiveCfg = Debug|Any CPU
		{E1D7E76B-9338-4ADB-9CB5-3E38B0E6C2E8}.Debug|Any CPU.Build.0 = Debug|Any CPU
		{E1D7E76B-9338-4ADB-9CB5-3E38B0E6C2E8}.Release|Any CPU.ActiveCfg = Release|Any CPU
		{E1D7E76B-9338-4ADB-9CB5-3E38B0E6C2E8}.Release|Any CPU.Build.0 = Release|Any CPU
		{CFAE5099-D179-4DB4-95A9-75663F3A21DD}.Debug|Any CPU.ActiveCfg = Debug|Any CPU
		{CFAE5099-D179-4DB4-95A9-75663F3A21DD}.Debug|Any CPU.Build.0 = Debug|Any CPU
		{CFAE5099-D179-4DB4-95A9-75663F3A21DD}.Release|Any CPU.ActiveCfg = Release|Any CPU
		{CFAE5099-D179-4DB4-95A9-75663F3A21DD}.Release|Any CPU.Build.0 = Release|Any CPU
		{8BA05EE8-0455-44AE-8BC4-A36629E7A4CA}.Debug|Any CPU.ActiveCfg = Debug|Any CPU
		{8BA05EE8-0455-44AE-8BC4-A36629E7A4CA}.Debug|Any CPU.Build.0 = Debug|Any CPU
		{8BA05EE8-0455-44AE-8BC4-A36629E7A4CA}.Release|Any CPU.ActiveCfg = Release|Any CPU
		{8BA05EE8-0455-44AE-8BC4-A36629E7A4CA}.Release|Any CPU.Build.0 = Release|Any CPU
	EndGlobalSection
	GlobalSection(SolutionProperties) = preSolution
		HideSolutionNode = FALSE
	EndGlobalSection
EndGlobal
