
Microsoft Visual Studio Solution File, Format Version 12.00
# Visual Studio 2013
VisualStudioVersion = 12.0.31101.0
MinimumVisualStudioVersion = 10.0.40219.1
Project("{FAE04EC0-301F-11D3-BF4B-00C04F79EFBC}") = "Module1", "Module1\Module1.csproj", "{5C74A32D-024A-4AEF-8805-89FBFC223441}"
EndProject
Project("{FAE04EC0-301F-11D3-BF4B-00C04F79EFBC}") = "Module2", "Module2\Module2.csproj", "{55FE523B-8845-4FC2-8737-1983EFC2E9E8}"
EndProject
Project("{FAE04EC0-301F-11D3-BF4B-00C04F79EFBC}") = "Module3", "Module3\Module3.csproj", "{C490A6E2-9DE8-447E-8D13-6D33D05B4128}"
EndProject
Project("{FAE04EC0-301F-11D3-BF4B-00C04F79EFBC}") = "Module4", "Module4\Module4.csproj", "{C5643F33-F85B-4EC6-A963-88001FD20D32}"
EndProject
Global
	GlobalSection(SolutionConfigurationPlatforms) = preSolution
		Debug|Any CPU = Debug|Any CPU
		Release|Any CPU = Release|Any CPU
	EndGlobalSection
	GlobalSection(ProjectConfigurationPlatforms) = postSolution
		{5C74A32D-024A-4AEF-8805-89FBFC223441}.Debug|Any CPU.ActiveCfg = Debug|Any CPU
		{5C74A32D-024A-4AEF-8805-89FBFC223441}.Debug|Any CPU.Build.0 = Debug|Any CPU
		{5C74A32D-024A-4AEF-8805-89FBFC223441}.Release|Any CPU.ActiveCfg = Release|Any CPU
		{5C74A32D-024A-4AEF-8805-89FBFC223441}.Release|Any CPU.Build.0 = Release|Any CPU
		{55FE523B-8845-4FC2-8737-1983EFC2E9E8}.Debug|Any CPU.ActiveCfg = Debug|Any CPU
		{55FE523B-8845-4FC2-8737-1983EFC2E9E8}.Debug|Any CPU.Build.0 = Debug|Any CPU
		{55FE523B-8845-4FC2-8737-1983EFC2E9E8}.Release|Any CPU.ActiveCfg = Release|Any CPU
		{55FE523B-8845-4FC2-8737-1983EFC2E9E8}.Release|Any CPU.Build.0 = Release|Any CPU
		{C490A6E2-9DE8-447E-8D13-6D33D05B4128}.Debug|Any CPU.ActiveCfg = Debug|Any CPU
		{C490A6E2-9DE8-447E-8D13-6D33D05B4128}.Debug|Any CPU.Build.0 = Debug|Any CPU
		{C490A6E2-9DE8-447E-8D13-6D33D05B4128}.Release|Any CPU.ActiveCfg = Release|Any CPU
		{C490A6E2-9DE8-447E-8D13-6D33D05B4128}.Release|Any CPU.Build.0 = Release|Any CPU
		{C5643F33-F85B-4EC6-A963-88001FD20D32}.Debug|Any CPU.ActiveCfg = Debug|Any CPU
		{C5643F33-F85B-4EC6-A963-88001FD20D32}.Debug|Any CPU.Build.0 = Debug|Any CPU
		{C5643F33-F85B-4EC6-A963-88001FD20D32}.Release|Any CPU.ActiveCfg = Release|Any CPU
		{C5643F33-F85B-4EC6-A963-88001FD20D32}.Release|Any CPU.Build.0 = Release|Any CPU
	EndGlobalSection
	GlobalSection(SolutionProperties) = preSolution
		HideSolutionNode = FALSE
	EndGlobalSection
EndGlobal
